
Microsoft Visual Studio Solution File, Format Version 12.00
# Visual Studio Version 17
VisualStudioVersion = 17.4.33205.214
MinimumVisualStudioVersion = 10.0.40219.1
Project("{FAE04EC0-301F-11D3-BF4B-00C04F79EFBC}") = "Day4", "Day4\Day4.csproj", "{3AA391CC-2B49-4D67-AFBF-F19BA81FAA9D}"
EndProject
Global
	GlobalSection(SolutionConfigurationPlatforms) = preSolution
		Debug|Any CPU = Debug|Any CPU
		Release|Any CPU = Release|Any CPU
	EndGlobalSection
	GlobalSection(ProjectConfigurationPlatforms) = postSolution
		{3AA391CC-2B49-4D67-AFBF-F19BA81FAA9D}.Debug|Any CPU.ActiveCfg = Debug|Any CPU
		{3AA391CC-2B49-4D67-AFBF-F19BA81FAA9D}.Debug|Any CPU.Build.0 = Debug|Any CPU
		{3AA391CC-2B49-4D67-AFBF-F19BA81FAA9D}.Release|Any CPU.ActiveCfg = Release|Any CPU
		{3AA391CC-2B49-4D67-AFBF-F19BA81FAA9D}.Release|Any CPU.Build.0 = Release|Any CPU
	EndGlobalSection
	GlobalSection(SolutionProperties) = preSolution
		HideSolutionNode = FALSE
	EndGlobalSection
	GlobalSection(ExtensibilityGlobals) = postSolution
		SolutionGuid = {81A25F4E-FE73-4875-975C-0A6E2BEF1636}
	EndGlobalSection
EndGlobal
