
Microsoft Visual Studio Solution File, Format Version 12.00
# Visual Studio Version 16
VisualStudioVersion = 16.0.30406.217
MinimumVisualStudioVersion = 10.0.40219.1
Project("{FAE04EC0-301F-11D3-BF4B-00C04F79EFBC}") = "AOC 2017 D2P1", "AOC 2017 D2P1\AOC 2017 D2P1.csproj", "{49C839A6-08A1-4714-8FB7-24235978B6EC}"
EndProject
Global
	GlobalSection(SolutionConfigurationPlatforms) = preSolution
		Debug|Any CPU = Debug|Any CPU
		Release|Any CPU = Release|Any CPU
	EndGlobalSection
	GlobalSection(ProjectConfigurationPlatforms) = postSolution
		{49C839A6-08A1-4714-8FB7-24235978B6EC}.Debug|Any CPU.ActiveCfg = Debug|Any CPU
		{49C839A6-08A1-4714-8FB7-24235978B6EC}.Debug|Any CPU.Build.0 = Debug|Any CPU
		{49C839A6-08A1-4714-8FB7-24235978B6EC}.Release|Any CPU.ActiveCfg = Release|Any CPU
		{49C839A6-08A1-4714-8FB7-24235978B6EC}.Release|Any CPU.Build.0 = Release|Any CPU
	EndGlobalSection
	GlobalSection(SolutionProperties) = preSolution
		HideSolutionNode = FALSE
	EndGlobalSection
	GlobalSection(ExtensibilityGlobals) = postSolution
		SolutionGuid = {B302AF30-D7F8-4FA9-83E4-4836CB253713}
	EndGlobalSection
EndGlobal
